// !$*UTF8*$!
{
	archiveVersion = 1;
	classes = {
	};
	objectVersion = 46;
	objects = {

/* Begin PBXBuildFile section */
		811654D81DCC69D300E08A46 /* NBGraphicViewController.swift in Sources */ = {isa = PBXBuildFile; fileRef = 811654D71DCC69D300E08A46 /* NBGraphicViewController.swift */; };
		815FC59B1DC6E66C000239C7 /* AppDelegate.m in Sources */ = {isa = PBXBuildFile; fileRef = 815FC5811DC6E66C000239C7 /* AppDelegate.m */; };
		815FC59C1DC6E66C000239C7 /* main.m in Sources */ = {isa = PBXBuildFile; fileRef = 815FC5831DC6E66C000239C7 /* main.m */; };
		815FC59D1DC6E66C000239C7 /* BTLECentralViewController.m in Sources */ = {isa = PBXBuildFile; fileRef = 815FC5871DC6E66C000239C7 /* BTLECentralViewController.m */; };
		815FC59E1DC6E66C000239C7 /* BTLEPeripheralViewController.m in Sources */ = {isa = PBXBuildFile; fileRef = 815FC5891DC6E66C000239C7 /* BTLEPeripheralViewController.m */; };
		815FC5A01DC6E66C000239C7 /* MainStoryboard_iPhone.storyboard in Resources */ = {isa = PBXBuildFile; fileRef = 815FC58B1DC6E66C000239C7 /* MainStoryboard_iPhone.storyboard */; };
		815FC5A11DC6E66C000239C7 /* ViewController.m in Sources */ = {isa = PBXBuildFile; fileRef = 815FC58E1DC6E66C000239C7 /* ViewController.m */; };
		815FC5A71DC6E66C000239C7 /* Icon-114.png in Resources */ = {isa = PBXBuildFile; fileRef = 815FC5971DC6E66C000239C7 /* Icon-114.png */; };
		815FC5A81DC6E66C000239C7 /* Icon-144.png in Resources */ = {isa = PBXBuildFile; fileRef = 815FC5981DC6E66C000239C7 /* Icon-144.png */; };
		815FC5A91DC6E66C000239C7 /* Icon-57.png in Resources */ = {isa = PBXBuildFile; fileRef = 815FC5991DC6E66C000239C7 /* Icon-57.png */; };
		815FC5AA1DC6E66C000239C7 /* Icon-72.png in Resources */ = {isa = PBXBuildFile; fileRef = 815FC59A1DC6E66C000239C7 /* Icon-72.png */; };
		815FC5B11DC6E6BA000239C7 /* InfoPlist.strings in Resources */ = {isa = PBXBuildFile; fileRef = 815FC5AC1DC6E6BA000239C7 /* InfoPlist.strings */; };
		815FC5B21DC6E6BA000239C7 /* NearBy-Info.plist in Resources */ = {isa = PBXBuildFile; fileRef = 815FC5AE1DC6E6BA000239C7 /* NearBy-Info.plist */; };
		815FC5B31DC6E6BA000239C7 /* ReadMe.txt in Resources */ = {isa = PBXBuildFile; fileRef = 815FC5B01DC6E6BA000239C7 /* ReadMe.txt */; };
		815FC5B61DC6E6DF000239C7 /* NBScanDeviceViewController.swift in Sources */ = {isa = PBXBuildFile; fileRef = 815FC5B51DC6E6DF000239C7 /* NBScanDeviceViewController.swift */; };
		81B40B491DC6EB590081E475 /* Default-568h@2x.png in Resources */ = {isa = PBXBuildFile; fileRef = 81B40B481DC6EB590081E475 /* Default-568h@2x.png */; };
		81B40B4E1DC6F28F0081E475 /* UPLabel.m in Sources */ = {isa = PBXBuildFile; fileRef = 81B40B4D1DC6F28F0081E475 /* UPLabel.m */; };
		81B40B521DC6F5720081E475 /* BLEManager.m in Sources */ = {isa = PBXBuildFile; fileRef = 81B40B511DC6F5720081E475 /* BLEManager.m */; };
		81B40B551DC6F9C30081E475 /* CenterManager.m in Sources */ = {isa = PBXBuildFile; fileRef = 81B40B541DC6F9C30081E475 /* CenterManager.m */; };
		81B40B581DC6F9F20081E475 /* PeripheralManager.m in Sources */ = {isa = PBXBuildFile; fileRef = 81B40B571DC6F9F20081E475 /* PeripheralManager.m */; };
		81B40B5C1DC714AD0081E475 /* BLEDevice.m in Sources */ = {isa = PBXBuildFile; fileRef = 81B40B5B1DC714AD0081E475 /* BLEDevice.m */; };
		81B40B651DC83A430081E475 /* NBLogHelper.m in Sources */ = {isa = PBXBuildFile; fileRef = 81B40B641DC83A430081E475 /* NBLogHelper.m */; };
		81B40B7D1DC8C57F0081E475 /* AFHTTPRequestOperation.m in Sources */ = {isa = PBXBuildFile; fileRef = 81B40B6B1DC8C57F0081E475 /* AFHTTPRequestOperation.m */; };
		81B40B7E1DC8C57F0081E475 /* AFHTTPRequestOperationManager.m in Sources */ = {isa = PBXBuildFile; fileRef = 81B40B6D1DC8C57F0081E475 /* AFHTTPRequestOperationManager.m */; };
		81B40B7F1DC8C57F0081E475 /* AFHTTPSessionManager.m in Sources */ = {isa = PBXBuildFile; fileRef = 81B40B6F1DC8C57F0081E475 /* AFHTTPSessionManager.m */; };
		81B40B801DC8C57F0081E475 /* AFNetworkReachabilityManager.m in Sources */ = {isa = PBXBuildFile; fileRef = 81B40B721DC8C57F0081E475 /* AFNetworkReachabilityManager.m */; };
		81B40B811DC8C57F0081E475 /* AFSecurityPolicy.m in Sources */ = {isa = PBXBuildFile; fileRef = 81B40B741DC8C57F0081E475 /* AFSecurityPolicy.m */; };
		81B40B821DC8C57F0081E475 /* AFURLConnectionOperation.m in Sources */ = {isa = PBXBuildFile; fileRef = 81B40B761DC8C57F0081E475 /* AFURLConnectionOperation.m */; };
		81B40B831DC8C57F0081E475 /* AFURLRequestSerialization.m in Sources */ = {isa = PBXBuildFile; fileRef = 81B40B781DC8C57F0081E475 /* AFURLRequestSerialization.m */; };
		81B40B841DC8C57F0081E475 /* AFURLResponseSerialization.m in Sources */ = {isa = PBXBuildFile; fileRef = 81B40B7A1DC8C57F0081E475 /* AFURLResponseSerialization.m */; };
		81B40B851DC8C57F0081E475 /* AFURLSessionManager.m in Sources */ = {isa = PBXBuildFile; fileRef = 81B40B7C1DC8C57F0081E475 /* AFURLSessionManager.m */; };
		81B40B8B1DC8C5DD0081E475 /* AIMessage.m in Sources */ = {isa = PBXBuildFile; fileRef = 81B40B881DC8C5DD0081E475 /* AIMessage.m */; };
		81B40B8C1DC8C5DD0081E475 /* AINetEngine.m in Sources */ = {isa = PBXBuildFile; fileRef = 81B40B8A1DC8C5DD0081E475 /* AINetEngine.m */; };
		B92B559015E4621C0036A8A2 /* CoreBluetooth.framework in Frameworks */ = {isa = PBXBuildFile; fileRef = B92B558F15E4621C0036A8A2 /* CoreBluetooth.framework */; };
		B9F9161A15D5806400B3B398 /* UIKit.framework in Frameworks */ = {isa = PBXBuildFile; fileRef = B9F9161915D5806400B3B398 /* UIKit.framework */; };
		B9F9161C15D5806400B3B398 /* Foundation.framework in Frameworks */ = {isa = PBXBuildFile; fileRef = B9F9161B15D5806400B3B398 /* Foundation.framework */; };
		B9F9161E15D5806400B3B398 /* CoreGraphics.framework in Frameworks */ = {isa = PBXBuildFile; fileRef = B9F9161D15D5806400B3B398 /* CoreGraphics.framework */; };
/* End PBXBuildFile section */

/* Begin PBXFileReference section */
		811654D71DCC69D300E08A46 /* NBGraphicViewController.swift */ = {isa = PBXFileReference; fileEncoding = 4; lastKnownFileType = sourcecode.swift; path = NBGraphicViewController.swift; sourceTree = "<group>"; };
		815FC5801DC6E66C000239C7 /* AppDelegate.h */ = {isa = PBXFileReference; fileEncoding = 4; lastKnownFileType = sourcecode.c.h; path = AppDelegate.h; sourceTree = "<group>"; };
		815FC5811DC6E66C000239C7 /* AppDelegate.m */ = {isa = PBXFileReference; fileEncoding = 4; lastKnownFileType = sourcecode.c.objc; path = AppDelegate.m; sourceTree = "<group>"; };
		815FC5821DC6E66C000239C7 /* NearBy-Bridging-Header.h */ = {isa = PBXFileReference; fileEncoding = 4; lastKnownFileType = sourcecode.c.h; path = "NearBy-Bridging-Header.h"; sourceTree = "<group>"; };
		815FC5831DC6E66C000239C7 /* main.m */ = {isa = PBXFileReference; fileEncoding = 4; lastKnownFileType = sourcecode.c.objc; path = main.m; sourceTree = "<group>"; };
		815FC5861DC6E66C000239C7 /* BTLECentralViewController.h */ = {isa = PBXFileReference; fileEncoding = 4; lastKnownFileType = sourcecode.c.h; path = BTLECentralViewController.h; sourceTree = "<group>"; };
		815FC5871DC6E66C000239C7 /* BTLECentralViewController.m */ = {isa = PBXFileReference; fileEncoding = 4; lastKnownFileType = sourcecode.c.objc; path = BTLECentralViewController.m; sourceTree = "<group>"; };
		815FC5881DC6E66C000239C7 /* BTLEPeripheralViewController.h */ = {isa = PBXFileReference; fileEncoding = 4; lastKnownFileType = sourcecode.c.h; path = BTLEPeripheralViewController.h; sourceTree = "<group>"; };
		815FC5891DC6E66C000239C7 /* BTLEPeripheralViewController.m */ = {isa = PBXFileReference; fileEncoding = 4; lastKnownFileType = sourcecode.c.objc; path = BTLEPeripheralViewController.m; sourceTree = "<group>"; };
		815FC58B1DC6E66C000239C7 /* MainStoryboard_iPhone.storyboard */ = {isa = PBXFileReference; fileEncoding = 4; lastKnownFileType = file.storyboard; path = MainStoryboard_iPhone.storyboard; sourceTree = "<group>"; };
		815FC58D1DC6E66C000239C7 /* ViewController.h */ = {isa = PBXFileReference; fileEncoding = 4; lastKnownFileType = sourcecode.c.h; path = ViewController.h; sourceTree = "<group>"; };
		815FC58E1DC6E66C000239C7 /* ViewController.m */ = {isa = PBXFileReference; fileEncoding = 4; lastKnownFileType = sourcecode.c.objc; path = ViewController.m; sourceTree = "<group>"; };
		815FC5971DC6E66C000239C7 /* Icon-114.png */ = {isa = PBXFileReference; lastKnownFileType = image.png; path = "Icon-114.png"; sourceTree = "<group>"; };
		815FC5981DC6E66C000239C7 /* Icon-144.png */ = {isa = PBXFileReference; lastKnownFileType = image.png; path = "Icon-144.png"; sourceTree = "<group>"; };
		815FC5991DC6E66C000239C7 /* Icon-57.png */ = {isa = PBXFileReference; lastKnownFileType = image.png; path = "Icon-57.png"; sourceTree = "<group>"; };
		815FC59A1DC6E66C000239C7 /* Icon-72.png */ = {isa = PBXFileReference; lastKnownFileType = image.png; path = "Icon-72.png"; sourceTree = "<group>"; };
		815FC5AD1DC6E6BA000239C7 /* en */ = {isa = PBXFileReference; lastKnownFileType = text.plist.strings; name = en; path = InfoPlist.strings; sourceTree = "<group>"; };
		815FC5AE1DC6E6BA000239C7 /* NearBy-Info.plist */ = {isa = PBXFileReference; fileEncoding = 4; lastKnownFileType = text.plist.xml; name = "NearBy-Info.plist"; path = "Support Files/NearBy-Info.plist"; sourceTree = "<group>"; };
		815FC5AF1DC6E6BA000239C7 /* NearBy-Prefix.pch */ = {isa = PBXFileReference; fileEncoding = 4; lastKnownFileType = sourcecode.c.h; name = "NearBy-Prefix.pch"; path = "Support Files/NearBy-Prefix.pch"; sourceTree = "<group>"; };
		815FC5B01DC6E6BA000239C7 /* ReadMe.txt */ = {isa = PBXFileReference; fileEncoding = 4; lastKnownFileType = text; name = ReadMe.txt; path = "Support Files/ReadMe.txt"; sourceTree = "<group>"; };
		815FC5B51DC6E6DF000239C7 /* NBScanDeviceViewController.swift */ = {isa = PBXFileReference; fileEncoding = 4; lastKnownFileType = sourcecode.swift; path = NBScanDeviceViewController.swift; sourceTree = "<group>"; };
		81B40B481DC6EB590081E475 /* Default-568h@2x.png */ = {isa = PBXFileReference; lastKnownFileType = image.png; path = "Default-568h@2x.png"; sourceTree = "<group>"; };
		81B40B4C1DC6F28F0081E475 /* UPLabel.h */ = {isa = PBXFileReference; fileEncoding = 4; lastKnownFileType = sourcecode.c.h; path = UPLabel.h; sourceTree = "<group>"; };
		81B40B4D1DC6F28F0081E475 /* UPLabel.m */ = {isa = PBXFileReference; fileEncoding = 4; lastKnownFileType = sourcecode.c.objc; path = UPLabel.m; sourceTree = "<group>"; };
		81B40B501DC6F5720081E475 /* BLEManager.h */ = {isa = PBXFileReference; fileEncoding = 4; lastKnownFileType = sourcecode.c.h; name = BLEManager.h; path = BLEManager/BLEManager.h; sourceTree = "<group>"; };
		81B40B511DC6F5720081E475 /* BLEManager.m */ = {isa = PBXFileReference; fileEncoding = 4; lastKnownFileType = sourcecode.c.objc; name = BLEManager.m; path = BLEManager/BLEManager.m; sourceTree = "<group>"; };
		81B40B531DC6F9C30081E475 /* CenterManager.h */ = {isa = PBXFileReference; fileEncoding = 4; lastKnownFileType = sourcecode.c.h; name = CenterManager.h; path = BLEManager/CenterManager.h; sourceTree = "<group>"; };
		81B40B541DC6F9C30081E475 /* CenterManager.m */ = {isa = PBXFileReference; fileEncoding = 4; lastKnownFileType = sourcecode.c.objc; name = CenterManager.m; path = BLEManager/CenterManager.m; sourceTree = "<group>"; };
		81B40B561DC6F9F20081E475 /* PeripheralManager.h */ = {isa = PBXFileReference; fileEncoding = 4; lastKnownFileType = sourcecode.c.h; name = PeripheralManager.h; path = BLEManager/PeripheralManager.h; sourceTree = "<group>"; };
		81B40B571DC6F9F20081E475 /* PeripheralManager.m */ = {isa = PBXFileReference; fileEncoding = 4; lastKnownFileType = sourcecode.c.objc; name = PeripheralManager.m; path = BLEManager/PeripheralManager.m; sourceTree = "<group>"; };
		81B40B5A1DC714AD0081E475 /* BLEDevice.h */ = {isa = PBXFileReference; fileEncoding = 4; lastKnownFileType = sourcecode.c.h; name = BLEDevice.h; path = BLEManager/BLEDevice.h; sourceTree = "<group>"; };
		81B40B5B1DC714AD0081E475 /* BLEDevice.m */ = {isa = PBXFileReference; fileEncoding = 4; lastKnownFileType = sourcecode.c.objc; name = BLEDevice.m; path = BLEManager/BLEDevice.m; sourceTree = "<group>"; };
		81B40B631DC83A430081E475 /* NBLogHelper.h */ = {isa = PBXFileReference; fileEncoding = 4; lastKnownFileType = sourcecode.c.h; name = NBLogHelper.h; path = LogHelper/NBLogHelper.h; sourceTree = "<group>"; };
		81B40B641DC83A430081E475 /* NBLogHelper.m */ = {isa = PBXFileReference; fileEncoding = 4; lastKnownFileType = sourcecode.c.objc; name = NBLogHelper.m; path = LogHelper/NBLogHelper.m; sourceTree = "<group>"; };
		81B40B661DC89E070081E475 /* TransferService.h */ = {isa = PBXFileReference; fileEncoding = 4; lastKnownFileType = sourcecode.c.h; name = TransferService.h; path = BLEManager/TransferService.h; sourceTree = "<group>"; };
		81B40B6A1DC8C57F0081E475 /* AFHTTPRequestOperation.h */ = {isa = PBXFileReference; fileEncoding = 4; lastKnownFileType = sourcecode.c.h; path = AFHTTPRequestOperation.h; sourceTree = "<group>"; };
		81B40B6B1DC8C57F0081E475 /* AFHTTPRequestOperation.m */ = {isa = PBXFileReference; fileEncoding = 4; lastKnownFileType = sourcecode.c.objc; path = AFHTTPRequestOperation.m; sourceTree = "<group>"; };
		81B40B6C1DC8C57F0081E475 /* AFHTTPRequestOperationManager.h */ = {isa = PBXFileReference; fileEncoding = 4; lastKnownFileType = sourcecode.c.h; path = AFHTTPRequestOperationManager.h; sourceTree = "<group>"; };
		81B40B6D1DC8C57F0081E475 /* AFHTTPRequestOperationManager.m */ = {isa = PBXFileReference; fileEncoding = 4; lastKnownFileType = sourcecode.c.objc; path = AFHTTPRequestOperationManager.m; sourceTree = "<group>"; };
		81B40B6E1DC8C57F0081E475 /* AFHTTPSessionManager.h */ = {isa = PBXFileReference; fileEncoding = 4; lastKnownFileType = sourcecode.c.h; path = AFHTTPSessionManager.h; sourceTree = "<group>"; };
		81B40B6F1DC8C57F0081E475 /* AFHTTPSessionManager.m */ = {isa = PBXFileReference; fileEncoding = 4; lastKnownFileType = sourcecode.c.objc; path = AFHTTPSessionManager.m; sourceTree = "<group>"; };
		81B40B701DC8C57F0081E475 /* AFNetworking.h */ = {isa = PBXFileReference; fileEncoding = 4; lastKnownFileType = sourcecode.c.h; path = AFNetworking.h; sourceTree = "<group>"; };
		81B40B711DC8C57F0081E475 /* AFNetworkReachabilityManager.h */ = {isa = PBXFileReference; fileEncoding = 4; lastKnownFileType = sourcecode.c.h; path = AFNetworkReachabilityManager.h; sourceTree = "<group>"; };
		81B40B721DC8C57F0081E475 /* AFNetworkReachabilityManager.m */ = {isa = PBXFileReference; fileEncoding = 4; lastKnownFileType = sourcecode.c.objc; path = AFNetworkReachabilityManager.m; sourceTree = "<group>"; };
		81B40B731DC8C57F0081E475 /* AFSecurityPolicy.h */ = {isa = PBXFileReference; fileEncoding = 4; lastKnownFileType = sourcecode.c.h; path = AFSecurityPolicy.h; sourceTree = "<group>"; };
		81B40B741DC8C57F0081E475 /* AFSecurityPolicy.m */ = {isa = PBXFileReference; fileEncoding = 4; lastKnownFileType = sourcecode.c.objc; path = AFSecurityPolicy.m; sourceTree = "<group>"; };
		81B40B751DC8C57F0081E475 /* AFURLConnectionOperation.h */ = {isa = PBXFileReference; fileEncoding = 4; lastKnownFileType = sourcecode.c.h; path = AFURLConnectionOperation.h; sourceTree = "<group>"; };
		81B40B761DC8C57F0081E475 /* AFURLConnectionOperation.m */ = {isa = PBXFileReference; fileEncoding = 4; lastKnownFileType = sourcecode.c.objc; path = AFURLConnectionOperation.m; sourceTree = "<group>"; };
		81B40B771DC8C57F0081E475 /* AFURLRequestSerialization.h */ = {isa = PBXFileReference; fileEncoding = 4; lastKnownFileType = sourcecode.c.h; path = AFURLRequestSerialization.h; sourceTree = "<group>"; };
		81B40B781DC8C57F0081E475 /* AFURLRequestSerialization.m */ = {isa = PBXFileReference; fileEncoding = 4; lastKnownFileType = sourcecode.c.objc; path = AFURLRequestSerialization.m; sourceTree = "<group>"; };
		81B40B791DC8C57F0081E475 /* AFURLResponseSerialization.h */ = {isa = PBXFileReference; fileEncoding = 4; lastKnownFileType = sourcecode.c.h; path = AFURLResponseSerialization.h; sourceTree = "<group>"; };
		81B40B7A1DC8C57F0081E475 /* AFURLResponseSerialization.m */ = {isa = PBXFileReference; fileEncoding = 4; lastKnownFileType = sourcecode.c.objc; path = AFURLResponseSerialization.m; sourceTree = "<group>"; };
		81B40B7B1DC8C57F0081E475 /* AFURLSessionManager.h */ = {isa = PBXFileReference; fileEncoding = 4; lastKnownFileType = sourcecode.c.h; path = AFURLSessionManager.h; sourceTree = "<group>"; };
		81B40B7C1DC8C57F0081E475 /* AFURLSessionManager.m */ = {isa = PBXFileReference; fileEncoding = 4; lastKnownFileType = sourcecode.c.objc; path = AFURLSessionManager.m; sourceTree = "<group>"; };
		81B40B871DC8C5DD0081E475 /* AIMessage.h */ = {isa = PBXFileReference; fileEncoding = 4; lastKnownFileType = sourcecode.c.h; path = AIMessage.h; sourceTree = "<group>"; };
		81B40B881DC8C5DD0081E475 /* AIMessage.m */ = {isa = PBXFileReference; fileEncoding = 4; lastKnownFileType = sourcecode.c.objc; path = AIMessage.m; sourceTree = "<group>"; };
		81B40B891DC8C5DD0081E475 /* AINetEngine.h */ = {isa = PBXFileReference; fileEncoding = 4; lastKnownFileType = sourcecode.c.h; path = AINetEngine.h; sourceTree = "<group>"; };
		81B40B8A1DC8C5DD0081E475 /* AINetEngine.m */ = {isa = PBXFileReference; fileEncoding = 4; lastKnownFileType = sourcecode.c.objc; path = AINetEngine.m; sourceTree = "<group>"; };
		B92B558F15E4621C0036A8A2 /* CoreBluetooth.framework */ = {isa = PBXFileReference; lastKnownFileType = wrapper.framework; name = CoreBluetooth.framework; path = System/Library/Frameworks/CoreBluetooth.framework; sourceTree = SDKROOT; };
		B9F9161515D5806400B3B398 /* NearBy.app */ = {isa = PBXFileReference; explicitFileType = wrapper.application; includeInIndex = 0; path = NearBy.app; sourceTree = BUILT_PRODUCTS_DIR; };
		B9F9161915D5806400B3B398 /* UIKit.framework */ = {isa = PBXFileReference; lastKnownFileType = wrapper.framework; name = UIKit.framework; path = System/Library/Frameworks/UIKit.framework; sourceTree = SDKROOT; };
		B9F9161B15D5806400B3B398 /* Foundation.framework */ = {isa = PBXFileReference; lastKnownFileType = wrapper.framework; name = Foundation.framework; path = System/Library/Frameworks/Foundation.framework; sourceTree = SDKROOT; };
		B9F9161D15D5806400B3B398 /* CoreGraphics.framework */ = {isa = PBXFileReference; lastKnownFileType = wrapper.framework; name = CoreGraphics.framework; path = System/Library/Frameworks/CoreGraphics.framework; sourceTree = SDKROOT; };
/* End PBXFileReference section */

/* Begin PBXFrameworksBuildPhase section */
		B9F9161215D5806400B3B398 /* Frameworks */ = {
			isa = PBXFrameworksBuildPhase;
			buildActionMask = 2147483647;
			files = (
				B92B559015E4621C0036A8A2 /* CoreBluetooth.framework in Frameworks */,
				B9F9161A15D5806400B3B398 /* UIKit.framework in Frameworks */,
				B9F9161C15D5806400B3B398 /* Foundation.framework in Frameworks */,
				B9F9161E15D5806400B3B398 /* CoreGraphics.framework in Frameworks */,
			);
			runOnlyForDeploymentPostprocessing = 0;
		};
/* End PBXFrameworksBuildPhase section */

/* Begin PBXGroup section */
		811654D61DCC69D300E08A46 /* Graphic */ = {
			isa = PBXGroup;
			children = (
				811654D71DCC69D300E08A46 /* NBGraphicViewController.swift */,
			);
			path = Graphic;
			sourceTree = "<group>";
		};
		815FC55C1DC6E4F2000239C7 /* NearBy */ = {
			isa = PBXGroup;
			children = (
				81B40B681DC8C57F0081E475 /* 3rd */,
				81B40B5F1DC837BC0081E475 /* Frameworks */,
				81B40B4A1DC6F28F0081E475 /* Helper */,
				815FC57F1DC6E66C000239C7 /* Application */,
				815FC5841DC6E66C000239C7 /* Bussiness */,
				815FC58F1DC6E66C000239C7 /* Resources */,
				815FC57E1DC6E50A000239C7 /* Support Files */,
			);
			path = NearBy;
			sourceTree = "<group>";
		};
		815FC57E1DC6E50A000239C7 /* Support Files */ = {
			isa = PBXGroup;
			children = (
				815FC5AB1DC6E6BA000239C7 /* en.lproj */,
				815FC5AE1DC6E6BA000239C7 /* NearBy-Info.plist */,
				815FC5AF1DC6E6BA000239C7 /* NearBy-Prefix.pch */,
				815FC5B01DC6E6BA000239C7 /* ReadMe.txt */,
			);
			name = "Support Files";
			sourceTree = "<group>";
		};
		815FC57F1DC6E66C000239C7 /* Application */ = {
			isa = PBXGroup;
			children = (
				815FC5801DC6E66C000239C7 /* AppDelegate.h */,
				815FC5811DC6E66C000239C7 /* AppDelegate.m */,
				815FC5821DC6E66C000239C7 /* NearBy-Bridging-Header.h */,
				815FC5831DC6E66C000239C7 /* main.m */,
			);
			path = Application;
			sourceTree = "<group>";
		};
		815FC5841DC6E66C000239C7 /* Bussiness */ = {
			isa = PBXGroup;
			children = (
				811654D61DCC69D300E08A46 /* Graphic */,
				815FC5B41DC6E6DF000239C7 /* Scan */,
				815FC5851DC6E66C000239C7 /* Main */,
			);
			path = Bussiness;
			sourceTree = "<group>";
		};
		815FC5851DC6E66C000239C7 /* Main */ = {
			isa = PBXGroup;
			children = (
				815FC5861DC6E66C000239C7 /* BTLECentralViewController.h */,
				815FC5871DC6E66C000239C7 /* BTLECentralViewController.m */,
				815FC5881DC6E66C000239C7 /* BTLEPeripheralViewController.h */,
				815FC5891DC6E66C000239C7 /* BTLEPeripheralViewController.m */,
				815FC58B1DC6E66C000239C7 /* MainStoryboard_iPhone.storyboard */,
				815FC58D1DC6E66C000239C7 /* ViewController.h */,
				815FC58E1DC6E66C000239C7 /* ViewController.m */,
			);
			path = Main;
			sourceTree = "<group>";
		};
		815FC58F1DC6E66C000239C7 /* Resources */ = {
			isa = PBXGroup;
			children = (
				815FC5901DC6E66C000239C7 /* Images */,
			);
			path = Resources;
			sourceTree = "<group>";
		};
		815FC5901DC6E66C000239C7 /* Images */ = {
			isa = PBXGroup;
			children = (
				815FC5911DC6E66C000239C7 /* APP */,
			);
			path = Images;
			sourceTree = "<group>";
		};
		815FC5911DC6E66C000239C7 /* APP */ = {
			isa = PBXGroup;
			children = (
				815FC5971DC6E66C000239C7 /* Icon-114.png */,
				815FC5981DC6E66C000239C7 /* Icon-144.png */,
				815FC5991DC6E66C000239C7 /* Icon-57.png */,
				815FC59A1DC6E66C000239C7 /* Icon-72.png */,
			);
			path = APP;
			sourceTree = "<group>";
		};
		815FC5AB1DC6E6BA000239C7 /* en.lproj */ = {
			isa = PBXGroup;
			children = (
				815FC5AC1DC6E6BA000239C7 /* InfoPlist.strings */,
			);
			name = en.lproj;
			path = "Support Files/en.lproj";
			sourceTree = "<group>";
		};
		815FC5B41DC6E6DF000239C7 /* Scan */ = {
			isa = PBXGroup;
			children = (
				815FC5B51DC6E6DF000239C7 /* NBScanDeviceViewController.swift */,
			);
			path = Scan;
			sourceTree = "<group>";
		};
		81B40B4A1DC6F28F0081E475 /* Helper */ = {
			isa = PBXGroup;
			children = (
				81B40B861DC8C5DD0081E475 /* Net */,
				81B40B621DC839CD0081E475 /* LogHelper */,
				81B40B4F1DC6F5370081E475 /* BLEManager */,
				81B40B4B1DC6F28F0081E475 /* ViewTools */,
			);
			path = Helper;
			sourceTree = "<group>";
		};
		81B40B4B1DC6F28F0081E475 /* ViewTools */ = {
			isa = PBXGroup;
			children = (
				81B40B4C1DC6F28F0081E475 /* UPLabel.h */,
				81B40B4D1DC6F28F0081E475 /* UPLabel.m */,
			);
			path = ViewTools;
			sourceTree = "<group>";
		};
		81B40B4F1DC6F5370081E475 /* BLEManager */ = {
			isa = PBXGroup;
			children = (
				81B40B661DC89E070081E475 /* TransferService.h */,
				81B40B501DC6F5720081E475 /* BLEManager.h */,
				81B40B511DC6F5720081E475 /* BLEManager.m */,
				81B40B531DC6F9C30081E475 /* CenterManager.h */,
				81B40B541DC6F9C30081E475 /* CenterManager.m */,
				81B40B561DC6F9F20081E475 /* PeripheralManager.h */,
				81B40B571DC6F9F20081E475 /* PeripheralManager.m */,
				81B40B5A1DC714AD0081E475 /* BLEDevice.h */,
				81B40B5B1DC714AD0081E475 /* BLEDevice.m */,
			);
			name = BLEManager;
			sourceTree = "<group>";
		};
		81B40B5F1DC837BC0081E475 /* Frameworks */ = {
			isa = PBXGroup;
			children = (
			);
			path = Frameworks;
			sourceTree = "<group>";
		};
		81B40B621DC839CD0081E475 /* LogHelper */ = {
			isa = PBXGroup;
			children = (
				81B40B631DC83A430081E475 /* NBLogHelper.h */,
				81B40B641DC83A430081E475 /* NBLogHelper.m */,
			);
			name = LogHelper;
			sourceTree = "<group>";
		};
		81B40B681DC8C57F0081E475 /* 3rd */ = {
			isa = PBXGroup;
			children = (
				81B40B691DC8C57F0081E475 /* AFNetworking */,
			);
			path = 3rd;
			sourceTree = "<group>";
		};
		81B40B691DC8C57F0081E475 /* AFNetworking */ = {
			isa = PBXGroup;
			children = (
				81B40B6A1DC8C57F0081E475 /* AFHTTPRequestOperation.h */,
				81B40B6B1DC8C57F0081E475 /* AFHTTPRequestOperation.m */,
				81B40B6C1DC8C57F0081E475 /* AFHTTPRequestOperationManager.h */,
				81B40B6D1DC8C57F0081E475 /* AFHTTPRequestOperationManager.m */,
				81B40B6E1DC8C57F0081E475 /* AFHTTPSessionManager.h */,
				81B40B6F1DC8C57F0081E475 /* AFHTTPSessionManager.m */,
				81B40B701DC8C57F0081E475 /* AFNetworking.h */,
				81B40B711DC8C57F0081E475 /* AFNetworkReachabilityManager.h */,
				81B40B721DC8C57F0081E475 /* AFNetworkReachabilityManager.m */,
				81B40B731DC8C57F0081E475 /* AFSecurityPolicy.h */,
				81B40B741DC8C57F0081E475 /* AFSecurityPolicy.m */,
				81B40B751DC8C57F0081E475 /* AFURLConnectionOperation.h */,
				81B40B761DC8C57F0081E475 /* AFURLConnectionOperation.m */,
				81B40B771DC8C57F0081E475 /* AFURLRequestSerialization.h */,
				81B40B781DC8C57F0081E475 /* AFURLRequestSerialization.m */,
				81B40B791DC8C57F0081E475 /* AFURLResponseSerialization.h */,
				81B40B7A1DC8C57F0081E475 /* AFURLResponseSerialization.m */,
				81B40B7B1DC8C57F0081E475 /* AFURLSessionManager.h */,
				81B40B7C1DC8C57F0081E475 /* AFURLSessionManager.m */,
			);
			path = AFNetworking;
			sourceTree = "<group>";
		};
		81B40B861DC8C5DD0081E475 /* Net */ = {
			isa = PBXGroup;
			children = (
				81B40B871DC8C5DD0081E475 /* AIMessage.h */,
				81B40B881DC8C5DD0081E475 /* AIMessage.m */,
				81B40B891DC8C5DD0081E475 /* AINetEngine.h */,
				81B40B8A1DC8C5DD0081E475 /* AINetEngine.m */,
			);
			path = Net;
			sourceTree = "<group>";
		};
		B9F9160A15D5806400B3B398 = {
			isa = PBXGroup;
			children = (
				81B40B481DC6EB590081E475 /* Default-568h@2x.png */,
				815FC55C1DC6E4F2000239C7 /* NearBy */,
				B9F9161815D5806400B3B398 /* Frameworks */,
				B9F9161615D5806400B3B398 /* Products */,
			);
			sourceTree = "<group>";
		};
		B9F9161615D5806400B3B398 /* Products */ = {
			isa = PBXGroup;
			children = (
				B9F9161515D5806400B3B398 /* NearBy.app */,
			);
			name = Products;
			sourceTree = "<group>";
		};
		B9F9161815D5806400B3B398 /* Frameworks */ = {
			isa = PBXGroup;
			children = (
				B92B558F15E4621C0036A8A2 /* CoreBluetooth.framework */,
				B9F9161915D5806400B3B398 /* UIKit.framework */,
				B9F9161B15D5806400B3B398 /* Foundation.framework */,
				B9F9161D15D5806400B3B398 /* CoreGraphics.framework */,
			);
			name = Frameworks;
			sourceTree = "<group>";
		};
/* End PBXGroup section */

/* Begin PBXNativeTarget section */
		B9F9161415D5806400B3B398 /* NearBy */ = {
			isa = PBXNativeTarget;
			buildConfigurationList = B9F9163C15D5806500B3B398 /* Build configuration list for PBXNativeTarget "NearBy" */;
			buildPhases = (
				B9F9161115D5806400B3B398 /* Sources */,
				B9F9161215D5806400B3B398 /* Frameworks */,
				B9F9161315D5806400B3B398 /* Resources */,
			);
			buildRules = (
			);
			dependencies = (
			);
			name = NearBy;
			productName = "LE Transfer";
			productReference = B9F9161515D5806400B3B398 /* NearBy.app */;
			productType = "com.apple.product-type.application";
		};
/* End PBXNativeTarget section */

/* Begin PBXProject section */
		B9F9160C15D5806400B3B398 /* Project object */ = {
			isa = PBXProject;
			attributes = {
				LastUpgradeCheck = 0800;
				ORGANIZATIONNAME = Apple;
				TargetAttributes = {
					B9F9161415D5806400B3B398 = {
						DevelopmentTeam = T2362RFKT6;
						LastSwiftMigration = 0800;
						ProvisioningStyle = Automatic;
					};
				};
			};
			buildConfigurationList = B9F9160F15D5806400B3B398 /* Build configuration list for PBXProject "NearBy" */;
			compatibilityVersion = "Xcode 3.2";
			developmentRegion = English;
			hasScannedForEncodings = 0;
			knownRegions = (
				en,
			);
			mainGroup = B9F9160A15D5806400B3B398;
			productRefGroup = B9F9161615D5806400B3B398 /* Products */;
			projectDirPath = "";
			projectRoot = "";
			targets = (
				B9F9161415D5806400B3B398 /* NearBy */,
			);
		};
/* End PBXProject section */

/* Begin PBXResourcesBuildPhase section */
		B9F9161315D5806400B3B398 /* Resources */ = {
			isa = PBXResourcesBuildPhase;
			buildActionMask = 2147483647;
			files = (
				815FC5A91DC6E66C000239C7 /* Icon-57.png in Resources */,
				815FC5B11DC6E6BA000239C7 /* InfoPlist.strings in Resources */,
				81B40B491DC6EB590081E475 /* Default-568h@2x.png in Resources */,
				815FC5AA1DC6E66C000239C7 /* Icon-72.png in Resources */,
				815FC5A01DC6E66C000239C7 /* MainStoryboard_iPhone.storyboard in Resources */,
				815FC5A71DC6E66C000239C7 /* Icon-114.png in Resources */,
				815FC5B21DC6E6BA000239C7 /* NearBy-Info.plist in Resources */,
				815FC5A81DC6E66C000239C7 /* Icon-144.png in Resources */,
				815FC5B31DC6E6BA000239C7 /* ReadMe.txt in Resources */,
			);
			runOnlyForDeploymentPostprocessing = 0;
		};
/* End PBXResourcesBuildPhase section */

/* Begin PBXSourcesBuildPhase section */
		B9F9161115D5806400B3B398 /* Sources */ = {
			isa = PBXSourcesBuildPhase;
			buildActionMask = 2147483647;
			files = (
				81B40B7D1DC8C57F0081E475 /* AFHTTPRequestOperation.m in Sources */,
				815FC5B61DC6E6DF000239C7 /* NBScanDeviceViewController.swift in Sources */,
				815FC5A11DC6E66C000239C7 /* ViewController.m in Sources */,
				81B40B851DC8C57F0081E475 /* AFURLSessionManager.m in Sources */,
				815FC59E1DC6E66C000239C7 /* BTLEPeripheralViewController.m in Sources */,
				811654D81DCC69D300E08A46 /* NBGraphicViewController.swift in Sources */,
				81B40B8B1DC8C5DD0081E475 /* AIMessage.m in Sources */,
				81B40B8C1DC8C5DD0081E475 /* AINetEngine.m in Sources */,
				81B40B821DC8C57F0081E475 /* AFURLConnectionOperation.m in Sources */,
				81B40B7E1DC8C57F0081E475 /* AFHTTPRequestOperationManager.m in Sources */,
				81B40B581DC6F9F20081E475 /* PeripheralManager.m in Sources */,
				81B40B801DC8C57F0081E475 /* AFNetworkReachabilityManager.m in Sources */,
				81B40B4E1DC6F28F0081E475 /* UPLabel.m in Sources */,
				81B40B5C1DC714AD0081E475 /* BLEDevice.m in Sources */,
				81B40B811DC8C57F0081E475 /* AFSecurityPolicy.m in Sources */,
				815FC59D1DC6E66C000239C7 /* BTLECentralViewController.m in Sources */,
				81B40B831DC8C57F0081E475 /* AFURLRequestSerialization.m in Sources */,
				81B40B551DC6F9C30081E475 /* CenterManager.m in Sources */,
				81B40B841DC8C57F0081E475 /* AFURLResponseSerialization.m in Sources */,
				81B40B521DC6F5720081E475 /* BLEManager.m in Sources */,
				815FC59C1DC6E66C000239C7 /* main.m in Sources */,
				81B40B7F1DC8C57F0081E475 /* AFHTTPSessionManager.m in Sources */,
				81B40B651DC83A430081E475 /* NBLogHelper.m in Sources */,
				815FC59B1DC6E66C000239C7 /* AppDelegate.m in Sources */,
			);
			runOnlyForDeploymentPostprocessing = 0;
		};
/* End PBXSourcesBuildPhase section */

/* Begin PBXVariantGroup section */
		815FC5AC1DC6E6BA000239C7 /* InfoPlist.strings */ = {
			isa = PBXVariantGroup;
			children = (
				815FC5AD1DC6E6BA000239C7 /* en */,
			);
			name = InfoPlist.strings;
			sourceTree = "<group>";
		};
/* End PBXVariantGroup section */

/* Begin XCBuildConfiguration section */
		B9F9163A15D5806500B3B398 /* Debug */ = {
			isa = XCBuildConfiguration;
			buildSettings = {
				ALWAYS_SEARCH_USER_PATHS = NO;
				CLANG_CXX_LANGUAGE_STANDARD = "gnu++0x";
				CLANG_CXX_LIBRARY = "libc++";
				CLANG_WARN_BOOL_CONVERSION = YES;
				CLANG_WARN_CONSTANT_CONVERSION = YES;
				CLANG_WARN_EMPTY_BODY = YES;
				CLANG_WARN_ENUM_CONVERSION = YES;
				CLANG_WARN_INFINITE_RECURSION = YES;
				CLANG_WARN_INT_CONVERSION = YES;
				CLANG_WARN_SUSPICIOUS_MOVE = YES;
				CLANG_WARN_UNREACHABLE_CODE = YES;
				CLANG_WARN__DUPLICATE_METHOD_MATCH = YES;
				"CODE_SIGN_IDENTITY[sdk=iphoneos*]" = "iPhone Developer";
				COPY_PHASE_STRIP = NO;
				ENABLE_STRICT_OBJC_MSGSEND = YES;
				ENABLE_TESTABILITY = YES;
				GCC_C_LANGUAGE_STANDARD = gnu99;
				GCC_DYNAMIC_NO_PIC = NO;
				GCC_NO_COMMON_BLOCKS = YES;
				GCC_OPTIMIZATION_LEVEL = 0;
				GCC_PREPROCESSOR_DEFINITIONS = (
					"DEBUG=1",
					"$(inherited)",
				);
				GCC_SYMBOLS_PRIVATE_EXTERN = NO;
				GCC_WARN_64_TO_32_BIT_CONVERSION = YES;
				GCC_WARN_ABOUT_RETURN_TYPE = YES;
				GCC_WARN_UNDECLARED_SELECTOR = YES;
				GCC_WARN_UNINITIALIZED_AUTOS = YES;
				GCC_WARN_UNUSED_FUNCTION = YES;
				GCC_WARN_UNUSED_VARIABLE = YES;
				IPHONEOS_DEPLOYMENT_TARGET = 8.0;
				ONLY_ACTIVE_ARCH = YES;
				SDKROOT = iphoneos;
				SWIFT_OPTIMIZATION_LEVEL = "-Owholemodule";
				TARGETED_DEVICE_FAMILY = "1,2";
			};
			name = Debug;
		};
		B9F9163B15D5806500B3B398 /* Release */ = {
			isa = XCBuildConfiguration;
			buildSettings = {
				ALWAYS_SEARCH_USER_PATHS = NO;
				CLANG_CXX_LANGUAGE_STANDARD = "gnu++0x";
				CLANG_CXX_LIBRARY = "libc++";
				CLANG_WARN_BOOL_CONVERSION = YES;
				CLANG_WARN_CONSTANT_CONVERSION = YES;
				CLANG_WARN_EMPTY_BODY = YES;
				CLANG_WARN_ENUM_CONVERSION = YES;
				CLANG_WARN_INFINITE_RECURSION = YES;
				CLANG_WARN_INT_CONVERSION = YES;
				CLANG_WARN_SUSPICIOUS_MOVE = YES;
				CLANG_WARN_UNREACHABLE_CODE = YES;
				CLANG_WARN__DUPLICATE_METHOD_MATCH = YES;
				"CODE_SIGN_IDENTITY[sdk=iphoneos*]" = "iPhone Developer";
				COPY_PHASE_STRIP = YES;
				ENABLE_STRICT_OBJC_MSGSEND = YES;
				GCC_C_LANGUAGE_STANDARD = gnu99;
				GCC_NO_COMMON_BLOCKS = YES;
				GCC_WARN_64_TO_32_BIT_CONVERSION = YES;
				GCC_WARN_ABOUT_RETURN_TYPE = YES;
				GCC_WARN_UNDECLARED_SELECTOR = YES;
				GCC_WARN_UNINITIALIZED_AUTOS = YES;
				GCC_WARN_UNUSED_FUNCTION = YES;
				GCC_WARN_UNUSED_VARIABLE = YES;
				IPHONEOS_DEPLOYMENT_TARGET = 8.0;
				OTHER_CFLAGS = "-DNS_BLOCK_ASSERTIONS=1";
				SDKROOT = iphoneos;
				SWIFT_OPTIMIZATION_LEVEL = "-Owholemodule";
				TARGETED_DEVICE_FAMILY = "1,2";
				VALIDATE_PRODUCT = YES;
			};
			name = Release;
		};
		B9F9163D15D5806500B3B398 /* Debug */ = {
			isa = XCBuildConfiguration;
			buildSettings = {
				CLANG_ENABLE_MODULES = YES;
				CLANG_ENABLE_OBJC_ARC = YES;
				CLANG_WARN_OBJCPP_ARC_ABI = YES;
				CODE_SIGN_IDENTITY = "iPhone Developer";
				"CODE_SIGN_IDENTITY[sdk=iphoneos*]" = "iPhone Developer";
				DEVELOPMENT_TEAM = T2362RFKT6;
				FRAMEWORK_SEARCH_PATHS = (
					"$(inherited)",
					"$(PROJECT_DIR)/NearBy/Frameworks",
				);
				GCC_PRECOMPILE_PREFIX_HEADER = YES;
				GCC_PREFIX_HEADER = "NearBy/Support Files/NearBy-Prefix.pch";
				INFOPLIST_FILE = "NearBy/Support Files/NearBy-Info.plist";
				IPHONEOS_DEPLOYMENT_TARGET = 8.0;
				LD_RUNPATH_SEARCH_PATHS = "$(inherited) @executable_path/Frameworks";
				PRODUCT_BUNDLE_IDENTIFIER = com.asiainfo.dcloud;
				PRODUCT_NAME = NearBy;
				PROVISIONING_PROFILE = "";
				SDKROOT = iphoneos;
				SWIFT_OBJC_BRIDGING_HEADER = "NearBy/Application/NearBy-Bridging-Header.h";
				SWIFT_OPTIMIZATION_LEVEL = "-Owholemodule";
				SWIFT_VERSION = 3.0;
				WRAPPER_EXTENSION = app;
			};
			name = Debug;
		};
		B9F9163E15D5806500B3B398 /* Release */ = {
			isa = XCBuildConfiguration;
			buildSettings = {
				CLANG_ENABLE_MODULES = YES;
				CLANG_ENABLE_OBJC_ARC = YES;
				CLANG_WARN_OBJCPP_ARC_ABI = YES;
				CODE_SIGN_IDENTITY = "iPhone Developer";
				"CODE_SIGN_IDENTITY[sdk=iphoneos*]" = "iPhone Developer";
				DEVELOPMENT_TEAM = T2362RFKT6;
				FRAMEWORK_SEARCH_PATHS = (
					"$(inherited)",
					"$(PROJECT_DIR)/NearBy/Frameworks",
				);
				GCC_PRECOMPILE_PREFIX_HEADER = YES;
				GCC_PREFIX_HEADER = "NearBy/Support Files/NearBy-Prefix.pch";
				INFOPLIST_FILE = "NearBy/Support Files/NearBy-Info.plist";
				IPHONEOS_DEPLOYMENT_TARGET = 8.0;
				LD_RUNPATH_SEARCH_PATHS = "$(inherited) @executable_path/Frameworks";
				PRODUCT_BUNDLE_IDENTIFIER = com.asiainfo.dcloud;
				PRODUCT_NAME = NearBy;
				PROVISIONING_PROFILE = "";
				SDKROOT = iphoneos;
				SWIFT_OBJC_BRIDGING_HEADER = "NearBy/Application/NearBy-Bridging-Header.h";
				SWIFT_VERSION = 3.0;
				WRAPPER_EXTENSION = app;
			};
			name = Release;
		};
/* End XCBuildConfiguration section */

/* Begin XCConfigurationList section */
		B9F9160F15D5806400B3B398 /* Build configuration list for PBXProject "NearBy" */ = {
			isa = XCConfigurationList;
			buildConfigurations = (
				B9F9163A15D5806500B3B398 /* Debug */,
				B9F9163B15D5806500B3B398 /* Release */,
			);
			defaultConfigurationIsVisible = 0;
			defaultConfigurationName = Release;
		};
		B9F9163C15D5806500B3B398 /* Build configuration list for PBXNativeTarget "NearBy" */ = {
			isa = XCConfigurationList;
			buildConfigurations = (
				B9F9163D15D5806500B3B398 /* Debug */,
				B9F9163E15D5806500B3B398 /* Release */,
			);
			defaultConfigurationIsVisible = 0;
			defaultConfigurationName = Release;
		};
/* End XCConfigurationList section */
	};
	rootObject = B9F9160C15D5806400B3B398 /* Project object */;
}
